// !$*UTF8*$!
{
	archiveVersion = 1;
	classes = {
	};
	objectVersion = 56;
	objects = {

/* Begin PBXBuildFile section */
		65A7D10C2A8302AB00524680 /* SecondViewController.m in Sources */ = {isa = PBXBuildFile; fileRef = 65A7D10B2A8302AB00524680 /* SecondViewController.m */; };
		65A7D1172A83414400524680 /* ReactViewController.swift in Sources */ = {isa = PBXBuildFile; fileRef = 65A7D1162A83414400524680 /* ReactViewController.swift */; };
		65D1B2582970580500DC3BA0 /* AppDelegate.m in Sources */ = {isa = PBXBuildFile; fileRef = 65D1B2572970580500DC3BA0 /* AppDelegate.m */; };
		65D1B25B2970580500DC3BA0 /* SceneDelegate.m in Sources */ = {isa = PBXBuildFile; fileRef = 65D1B25A2970580500DC3BA0 /* SceneDelegate.m */; };
		65D1B25E2970580500DC3BA0 /* ViewController.m in Sources */ = {isa = PBXBuildFile; fileRef = 65D1B25D2970580500DC3BA0 /* ViewController.m */; };
		65D1B2612970580500DC3BA0 /* Main.storyboard in Resources */ = {isa = PBXBuildFile; fileRef = 65D1B25F2970580500DC3BA0 /* Main.storyboard */; };
		65D1B2632970580500DC3BA0 /* Assets.xcassets in Resources */ = {isa = PBXBuildFile; fileRef = 65D1B2622970580500DC3BA0 /* Assets.xcassets */; };
		65D1B2662970580500DC3BA0 /* LaunchScreen.storyboard in Resources */ = {isa = PBXBuildFile; fileRef = 65D1B2642970580500DC3BA0 /* LaunchScreen.storyboard */; };
		65D1B2692970580500DC3BA0 /* main.m in Sources */ = {isa = PBXBuildFile; fileRef = 65D1B2682970580500DC3BA0 /* main.m */; };
/* End PBXBuildFile section */

/* Begin PBXFileReference section */
		65A7D10B2A8302AB00524680 /* SecondViewController.m */ = {isa = PBXFileReference; lastKnownFileType = sourcecode.c.objc; path = SecondViewController.m; sourceTree = "<group>"; };
		65A7D10D2A8302F100524680 /* SecondViewController.h */ = {isa = PBXFileReference; lastKnownFileType = sourcecode.c.h; path = SecondViewController.h; sourceTree = "<group>"; };
		65A7D10E2A832FD300524680 /* brownfieldrn-Bridging-Header.h */ = {isa = PBXFileReference; lastKnownFileType = sourcecode.c.h; path = "brownfieldrn-Bridging-Header.h"; sourceTree = "<group>"; };
		65A7D1162A83414400524680 /* ReactViewController.swift */ = {isa = PBXFileReference; lastKnownFileType = sourcecode.swift; path = ReactViewController.swift; sourceTree = "<group>"; };
		65D1B2532970580500DC3BA0 /* brownfieldrn.app */ = {isa = PBXFileReference; explicitFileType = wrapper.application; includeInIndex = 0; path = brownfieldrn.app; sourceTree = BUILT_PRODUCTS_DIR; };
		65D1B2562970580500DC3BA0 /* AppDelegate.h */ = {isa = PBXFileReference; lastKnownFileType = sourcecode.c.h; path = AppDelegate.h; sourceTree = "<group>"; };
		65D1B2572970580500DC3BA0 /* AppDelegate.m */ = {isa = PBXFileReference; lastKnownFileType = sourcecode.c.objc; path = AppDelegate.m; sourceTree = "<group>"; };
		65D1B2592970580500DC3BA0 /* SceneDelegate.h */ = {isa = PBXFileReference; lastKnownFileType = sourcecode.c.h; path = SceneDelegate.h; sourceTree = "<group>"; };
		65D1B25A2970580500DC3BA0 /* SceneDelegate.m */ = {isa = PBXFileReference; lastKnownFileType = sourcecode.c.objc; path = SceneDelegate.m; sourceTree = "<group>"; };
		65D1B25C2970580500DC3BA0 /* ViewController.h */ = {isa = PBXFileReference; lastKnownFileType = sourcecode.c.h; path = ViewController.h; sourceTree = "<group>"; };
		65D1B25D2970580500DC3BA0 /* ViewController.m */ = {isa = PBXFileReference; lastKnownFileType = sourcecode.c.objc; path = ViewController.m; sourceTree = "<group>"; };
		65D1B2602970580500DC3BA0 /* Base */ = {isa = PBXFileReference; lastKnownFileType = file.storyboard; name = Base; path = Base.lproj/Main.storyboard; sourceTree = "<group>"; };
		65D1B2622970580500DC3BA0 /* Assets.xcassets */ = {isa = PBXFileReference; lastKnownFileType = folder.assetcatalog; path = Assets.xcassets; sourceTree = "<group>"; };
		65D1B2652970580500DC3BA0 /* Base */ = {isa = PBXFileReference; lastKnownFileType = file.storyboard; name = Base; path = Base.lproj/LaunchScreen.storyboard; sourceTree = "<group>"; };
		65D1B2672970580500DC3BA0 /* Info.plist */ = {isa = PBXFileReference; lastKnownFileType = text.plist.xml; path = Info.plist; sourceTree = "<group>"; };
		65D1B2682970580500DC3BA0 /* main.m */ = {isa = PBXFileReference; lastKnownFileType = sourcecode.c.objc; path = main.m; sourceTree = "<group>"; };
		75BD1E85CE6A04004C8ACD0B /* Pods-brownfieldrn.debug.xcconfig */ = {isa = PBXFileReference; includeInIndex = 1; lastKnownFileType = text.xcconfig; name = "Pods-brownfieldrn.debug.xcconfig"; path = "Target Support Files/Pods-brownfieldrn/Pods-brownfieldrn.debug.xcconfig"; sourceTree = "<group>"; };
		E109402DC41E8DD5BD177AE6 /* Pods-brownfieldrn.release.xcconfig */ = {isa = PBXFileReference; includeInIndex = 1; lastKnownFileType = text.xcconfig; name = "Pods-brownfieldrn.release.xcconfig"; path = "Target Support Files/Pods-brownfieldrn/Pods-brownfieldrn.release.xcconfig"; sourceTree = "<group>"; };
/* End PBXFileReference section */

/* Begin PBXFrameworksBuildPhase section */
		65D1B2502970580500DC3BA0 /* Frameworks */ = {
			isa = PBXFrameworksBuildPhase;
			buildActionMask = 2147483647;
			files = (
			);
			runOnlyForDeploymentPostprocessing = 0;
		};
/* End PBXFrameworksBuildPhase section */

/* Begin PBXGroup section */
		65D1B24A2970580500DC3BA0 = {
			isa = PBXGroup;
			children = (
				65D1B2552970580500DC3BA0 /* brownfieldrn */,
				65D1B2542970580500DC3BA0 /* Products */,
				C6F1F81E1C57BD05CFE72B8D /* Pods */,
				D518130BA705A5A0E040CB22 /* Frameworks */,
			);
			sourceTree = "<group>";
		};
		65D1B2542970580500DC3BA0 /* Products */ = {
			isa = PBXGroup;
			children = (
				65D1B2532970580500DC3BA0 /* brownfieldrn.app */,
			);
			name = Products;
			sourceTree = "<group>";
		};
		65D1B2552970580500DC3BA0 /* brownfieldrn */ = {
			isa = PBXGroup;
			children = (
				65D1B2562970580500DC3BA0 /* AppDelegate.h */,
				65D1B2572970580500DC3BA0 /* AppDelegate.m */,
				65D1B2592970580500DC3BA0 /* SceneDelegate.h */,
				65D1B25A2970580500DC3BA0 /* SceneDelegate.m */,
				65D1B25C2970580500DC3BA0 /* ViewController.h */,
				65D1B25D2970580500DC3BA0 /* ViewController.m */,
				65D1B25F2970580500DC3BA0 /* Main.storyboard */,
				65D1B2622970580500DC3BA0 /* Assets.xcassets */,
				65D1B2642970580500DC3BA0 /* LaunchScreen.storyboard */,
				65D1B2672970580500DC3BA0 /* Info.plist */,
				65D1B2682970580500DC3BA0 /* main.m */,
				65A7D10B2A8302AB00524680 /* SecondViewController.m */,
				65A7D10D2A8302F100524680 /* SecondViewController.h */,
				65A7D10E2A832FD300524680 /* brownfieldrn-Bridging-Header.h */,
				65A7D1162A83414400524680 /* ReactViewController.swift */,
			);
			path = brownfieldrn;
			sourceTree = "<group>";
		};
		C6F1F81E1C57BD05CFE72B8D /* Pods */ = {
			isa = PBXGroup;
			children = (
				75BD1E85CE6A04004C8ACD0B /* Pods-brownfieldrn.debug.xcconfig */,
				E109402DC41E8DD5BD177AE6 /* Pods-brownfieldrn.release.xcconfig */,
			);
			path = Pods;
			sourceTree = "<group>";
		};
		D518130BA705A5A0E040CB22 /* Frameworks */ = {
			isa = PBXGroup;
			children = (
			);
			name = Frameworks;
			sourceTree = "<group>";
		};
/* End PBXGroup section */

/* Begin PBXNativeTarget section */
		65D1B2522970580500DC3BA0 /* brownfieldrn */ = {
			isa = PBXNativeTarget;
			buildConfigurationList = 65D1B26C2970580500DC3BA0 /* Build configuration list for PBXNativeTarget "brownfieldrn" */;
			buildPhases = (
				2A3AAC8089968351681870E4 /* [CP] Check Pods Manifest.lock */,
				65D1B24F2970580500DC3BA0 /* Sources */,
				65D1B2502970580500DC3BA0 /* Frameworks */,
				65D1B2512970580500DC3BA0 /* Resources */,
				06CB7230C523D7F4E8164764 /* [CP] Embed Pods Frameworks */,
				C72D321DCCFBD3C9F71B8C0E /* [CP] Copy Pods Resources */,
			);
			buildRules = (
			);
			dependencies = (
			);
			name = brownfieldrn;
			productName = brownfieldrn;
			productReference = 65D1B2532970580500DC3BA0 /* brownfieldrn.app */;
			productType = "com.apple.product-type.application";
		};
/* End PBXNativeTarget section */

/* Begin PBXProject section */
		65D1B24B2970580500DC3BA0 /* Project object */ = {
			isa = PBXProject;
			attributes = {
				BuildIndependentTargetsInParallel = 1;
				LastUpgradeCheck = 1420;
				TargetAttributes = {
					65D1B2522970580500DC3BA0 = {
						CreatedOnToolsVersion = 14.2;
						LastSwiftMigration = 1420;
					};
				};
			};
			buildConfigurationList = 65D1B24E2970580500DC3BA0 /* Build configuration list for PBXProject "brownfieldrn" */;
			compatibilityVersion = "Xcode 14.0";
			developmentRegion = en;
			hasScannedForEncodings = 0;
			knownRegions = (
				en,
				Base,
			);
			mainGroup = 65D1B24A2970580500DC3BA0;
			productRefGroup = 65D1B2542970580500DC3BA0 /* Products */;
			projectDirPath = "";
			projectRoot = "";
			targets = (
				65D1B2522970580500DC3BA0 /* brownfieldrn */,
			);
		};
/* End PBXProject section */

/* Begin PBXResourcesBuildPhase section */
		65D1B2512970580500DC3BA0 /* Resources */ = {
			isa = PBXResourcesBuildPhase;
			buildActionMask = 2147483647;
			files = (
				65D1B2662970580500DC3BA0 /* LaunchScreen.storyboard in Resources */,
				65D1B2632970580500DC3BA0 /* Assets.xcassets in Resources */,
				65D1B2612970580500DC3BA0 /* Main.storyboard in Resources */,
			);
			runOnlyForDeploymentPostprocessing = 0;
		};
/* End PBXResourcesBuildPhase section */

/* Begin PBXShellScriptBuildPhase section */
		06CB7230C523D7F4E8164764 /* [CP] Embed Pods Frameworks */ = {
			isa = PBXShellScriptBuildPhase;
			buildActionMask = 2147483647;
			files = (
			);
			inputFileListPaths = (
				"${PODS_ROOT}/Target Support Files/Pods-brownfieldrn/Pods-brownfieldrn-frameworks-${CONFIGURATION}-input-files.xcfilelist",
			);
			name = "[CP] Embed Pods Frameworks";
			outputFileListPaths = (
				"${PODS_ROOT}/Target Support Files/Pods-brownfieldrn/Pods-brownfieldrn-frameworks-${CONFIGURATION}-output-files.xcfilelist",
			);
			runOnlyForDeploymentPostprocessing = 0;
			shellPath = /bin/sh;
			shellScript = "\"${PODS_ROOT}/Target Support Files/Pods-brownfieldrn/Pods-brownfieldrn-frameworks.sh\"\n";
			showEnvVarsInLog = 0;
		};
		2A3AAC8089968351681870E4 /* [CP] Check Pods Manifest.lock */ = {
			isa = PBXShellScriptBuildPhase;
			buildActionMask = 2147483647;
			files = (
			);
			inputFileListPaths = (
			);
			inputPaths = (
				"${PODS_PODFILE_DIR_PATH}/Podfile.lock",
				"${PODS_ROOT}/Manifest.lock",
			);
			name = "[CP] Check Pods Manifest.lock";
			outputFileListPaths = (
			);
			outputPaths = (
				"$(DERIVED_FILE_DIR)/Pods-brownfieldrn-checkManifestLockResult.txt",
			);
			runOnlyForDeploymentPostprocessing = 0;
			shellPath = /bin/sh;
			shellScript = "diff \"${PODS_PODFILE_DIR_PATH}/Podfile.lock\" \"${PODS_ROOT}/Manifest.lock\" > /dev/null\nif [ $? != 0 ] ; then\n    # print error to STDERR\n    echo \"error: The sandbox is not in sync with the Podfile.lock. Run 'pod install' or update your CocoaPods installation.\" >&2\n    exit 1\nfi\n# This output is used by Xcode 'outputs' to avoid re-running this script phase.\necho \"SUCCESS\" > \"${SCRIPT_OUTPUT_FILE_0}\"\n";
			showEnvVarsInLog = 0;
		};
		C72D321DCCFBD3C9F71B8C0E /* [CP] Copy Pods Resources */ = {
			isa = PBXShellScriptBuildPhase;
			buildActionMask = 2147483647;
			files = (
			);
			inputFileListPaths = (
				"${PODS_ROOT}/Target Support Files/Pods-brownfieldrn/Pods-brownfieldrn-resources-${CONFIGURATION}-input-files.xcfilelist",
			);
			name = "[CP] Copy Pods Resources";
			outputFileListPaths = (
				"${PODS_ROOT}/Target Support Files/Pods-brownfieldrn/Pods-brownfieldrn-resources-${CONFIGURATION}-output-files.xcfilelist",
			);
			runOnlyForDeploymentPostprocessing = 0;
			shellPath = /bin/sh;
			shellScript = "\"${PODS_ROOT}/Target Support Files/Pods-brownfieldrn/Pods-brownfieldrn-resources.sh\"\n";
			showEnvVarsInLog = 0;
		};
/* End PBXShellScriptBuildPhase section */

/* Begin PBXSourcesBuildPhase section */
		65D1B24F2970580500DC3BA0 /* Sources */ = {
			isa = PBXSourcesBuildPhase;
			buildActionMask = 2147483647;
			files = (
				65D1B25E2970580500DC3BA0 /* ViewController.m in Sources */,
				65A7D1172A83414400524680 /* ReactViewController.swift in Sources */,
				65D1B2582970580500DC3BA0 /* AppDelegate.m in Sources */,
				65A7D10C2A8302AB00524680 /* SecondViewController.m in Sources */,
				65D1B2692970580500DC3BA0 /* main.m in Sources */,
				65D1B25B2970580500DC3BA0 /* SceneDelegate.m in Sources */,
			);
			runOnlyForDeploymentPostprocessing = 0;
		};
/* End PBXSourcesBuildPhase section */

/* Begin PBXVariantGroup section */
		65D1B25F2970580500DC3BA0 /* Main.storyboard */ = {
			isa = PBXVariantGroup;
			children = (
				65D1B2602970580500DC3BA0 /* Base */,
			);
			name = Main.storyboard;
			sourceTree = "<group>";
		};
		65D1B2642970580500DC3BA0 /* LaunchScreen.storyboard */ = {
			isa = PBXVariantGroup;
			children = (
				65D1B2652970580500DC3BA0 /* Base */,
			);
			name = LaunchScreen.storyboard;
			sourceTree = "<group>";
		};
/* End PBXVariantGroup section */

/* Begin XCBuildConfiguration section */
		65D1B26A2970580500DC3BA0 /* Debug */ = {
			isa = XCBuildConfiguration;
			buildSettings = {
				ALWAYS_SEARCH_USER_PATHS = NO;
				CLANG_ANALYZER_NONNULL = YES;
				CLANG_ANALYZER_NUMBER_OBJECT_CONVERSION = YES_AGGRESSIVE;
				CLANG_CXX_LANGUAGE_STANDARD = "c++17";
				CLANG_ENABLE_MODULES = YES;
				CLANG_ENABLE_OBJC_ARC = YES;
				CLANG_ENABLE_OBJC_WEAK = YES;
				CLANG_WARN_BLOCK_CAPTURE_AUTORELEASING = YES;
				CLANG_WARN_BOOL_CONVERSION = YES;
				CLANG_WARN_COMMA = YES;
				CLANG_WARN_CONSTANT_CONVERSION = YES;
				CLANG_WARN_DEPRECATED_OBJC_IMPLEMENTATIONS = YES;
				CLANG_WARN_DIRECT_OBJC_ISA_USAGE = YES_ERROR;
				CLANG_WARN_DOCUMENTATION_COMMENTS = YES;
				CLANG_WARN_EMPTY_BODY = YES;
				CLANG_WARN_ENUM_CONVERSION = YES;
				CLANG_WARN_INFINITE_RECURSION = YES;
				CLANG_WARN_INT_CONVERSION = YES;
				CLANG_WARN_NON_LITERAL_NULL_CONVERSION = YES;
				CLANG_WARN_OBJC_IMPLICIT_RETAIN_SELF = YES;
				CLANG_WARN_OBJC_LITERAL_CONVERSION = YES;
				CLANG_WARN_OBJC_ROOT_CLASS = YES_ERROR;
				CLANG_WARN_QUOTED_INCLUDE_IN_FRAMEWORK_HEADER = YES;
				CLANG_WARN_RANGE_LOOP_ANALYSIS = YES;
				CLANG_WARN_STRICT_PROTOTYPES = YES;
				CLANG_WARN_SUSPICIOUS_MOVE = YES;
				CLANG_WARN_UNGUARDED_AVAILABILITY = YES_AGGRESSIVE;
				CLANG_WARN_UNREACHABLE_CODE = YES;
				CLANG_WARN__DUPLICATE_METHOD_MATCH = YES;
				COPY_PHASE_STRIP = NO;
				DEBUG_INFORMATION_FORMAT = dwarf;
				ENABLE_STRICT_OBJC_MSGSEND = YES;
				ENABLE_TESTABILITY = YES;
				"EXCLUDED_ARCHS[sdk=iphonesimulator*]" = i386;
				GCC_C_LANGUAGE_STANDARD = gnu11;
				GCC_DYNAMIC_NO_PIC = NO;
				GCC_NO_COMMON_BLOCKS = YES;
				GCC_OPTIMIZATION_LEVEL = 0;
				GCC_PREPROCESSOR_DEFINITIONS = (
					"DEBUG=1",
					"$(inherited)",
				);
				GCC_WARN_64_TO_32_BIT_CONVERSION = YES;
				GCC_WARN_ABOUT_RETURN_TYPE = YES_ERROR;
				GCC_WARN_UNDECLARED_SELECTOR = YES;
				GCC_WARN_UNINITIALIZED_AUTOS = YES_AGGRESSIVE;
				GCC_WARN_UNUSED_FUNCTION = YES;
				GCC_WARN_UNUSED_VARIABLE = YES;
				IPHONEOS_DEPLOYMENT_TARGET = 16.2;
				MTL_ENABLE_DEBUG_INFO = INCLUDE_SOURCE;
				MTL_FAST_MATH = YES;
				ONLY_ACTIVE_ARCH = YES;
				REACT_NATIVE_PATH = "${PODS_ROOT}/../../node_modules/react-native";
				SDKROOT = iphoneos;
			};
			name = Debug;
		};
		65D1B26B2970580500DC3BA0 /* Release */ = {
			isa = XCBuildConfiguration;
			buildSettings = {
				ALWAYS_SEARCH_USER_PATHS = NO;
				CLANG_ANALYZER_NONNULL = YES;
				CLANG_ANALYZER_NUMBER_OBJECT_CONVERSION = YES_AGGRESSIVE;
				CLANG_CXX_LANGUAGE_STANDARD = "c++17";
				CLANG_ENABLE_MODULES = YES;
				CLANG_ENABLE_OBJC_ARC = YES;
				CLANG_ENABLE_OBJC_WEAK = YES;
				CLANG_WARN_BLOCK_CAPTURE_AUTORELEASING = YES;
				CLANG_WARN_BOOL_CONVERSION = YES;
				CLANG_WARN_COMMA = YES;
				CLANG_WARN_CONSTANT_CONVERSION = YES;
				CLANG_WARN_DEPRECATED_OBJC_IMPLEMENTATIONS = YES;
				CLANG_WARN_DIRECT_OBJC_ISA_USAGE = YES_ERROR;
				CLANG_WARN_DOCUMENTATION_COMMENTS = YES;
				CLANG_WARN_EMPTY_BODY = YES;
				CLANG_WARN_ENUM_CONVERSION = YES;
				CLANG_WARN_INFINITE_RECURSION = YES;
				CLANG_WARN_INT_CONVERSION = YES;
				CLANG_WARN_NON_LITERAL_NULL_CONVERSION = YES;
				CLANG_WARN_OBJC_IMPLICIT_RETAIN_SELF = YES;
				CLANG_WARN_OBJC_LITERAL_CONVERSION = YES;
				CLANG_WARN_OBJC_ROOT_CLASS = YES_ERROR;
				CLANG_WARN_QUOTED_INCLUDE_IN_FRAMEWORK_HEADER = YES;
				CLANG_WARN_RANGE_LOOP_ANALYSIS = YES;
				CLANG_WARN_STRICT_PROTOTYPES = YES;
				CLANG_WARN_SUSPICIOUS_MOVE = YES;
				CLANG_WARN_UNGUARDED_AVAILABILITY = YES_AGGRESSIVE;
				CLANG_WARN_UNREACHABLE_CODE = YES;
				CLANG_WARN__DUPLICATE_METHOD_MATCH = YES;
				COPY_PHASE_STRIP = NO;
				DEBUG_INFORMATION_FORMAT = "dwarf-with-dsym";
				ENABLE_NS_ASSERTIONS = NO;
				ENABLE_STRICT_OBJC_MSGSEND = YES;
				"EXCLUDED_ARCHS[sdk=iphonesimulator*]" = i386;
				GCC_C_LANGUAGE_STANDARD = gnu11;
				GCC_NO_COMMON_BLOCKS = YES;
				GCC_WARN_64_TO_32_BIT_CONVERSION = YES;
				GCC_WARN_ABOUT_RETURN_TYPE = YES_ERROR;
				GCC_WARN_UNDECLARED_SELECTOR = YES;
				GCC_WARN_UNINITIALIZED_AUTOS = YES_AGGRESSIVE;
				GCC_WARN_UNUSED_FUNCTION = YES;
				GCC_WARN_UNUSED_VARIABLE = YES;
				IPHONEOS_DEPLOYMENT_TARGET = 16.2;
				MTL_ENABLE_DEBUG_INFO = NO;
				MTL_FAST_MATH = YES;
				REACT_NATIVE_PATH = "${PODS_ROOT}/../../node_modules/react-native";
				SDKROOT = iphoneos;
				VALIDATE_PRODUCT = YES;
			};
			name = Release;
		};
		65D1B26D2970580500DC3BA0 /* Debug */ = {
			isa = XCBuildConfiguration;
			baseConfigurationReference = 75BD1E85CE6A04004C8ACD0B /* Pods-brownfieldrn.debug.xcconfig */;
			buildSettings = {
				ASSETCATALOG_COMPILER_APPICON_NAME = AppIcon;
				ASSETCATALOG_COMPILER_GLOBAL_ACCENT_COLOR_NAME = AccentColor;
				CLANG_ENABLE_MODULES = YES;
				CODE_SIGN_STYLE = Automatic;
				CURRENT_PROJECT_VERSION = 1;
				DEFINES_MODULE = YES;
				GENERATE_INFOPLIST_FILE = YES;
				INFOPLIST_FILE = brownfieldrn/Info.plist;
				INFOPLIST_KEY_UIApplicationSupportsIndirectInputEvents = YES;
				INFOPLIST_KEY_UILaunchStoryboardName = LaunchScreen;
				INFOPLIST_KEY_UIMainStoryboardFile = Main;
				INFOPLIST_KEY_UISupportedInterfaceOrientations_iPad = "UIInterfaceOrientationPortrait UIInterfaceOrientationPortraitUpsideDown UIInterfaceOrientationLandscapeLeft UIInterfaceOrientationLandscapeRight";
				INFOPLIST_KEY_UISupportedInterfaceOrientations_iPhone = "UIInterfaceOrientationPortrait UIInterfaceOrientationLandscapeLeft UIInterfaceOrientationLandscapeRight";
				LD_RUNPATH_SEARCH_PATHS = (
					"$(inherited)",
					"@executable_path/Frameworks",
				);
				MARKETING_VERSION = 1.0;
				PRODUCT_BUNDLE_IDENTIFIER = com.frankcalise.brownfieldrn;
				PRODUCT_NAME = "$(TARGET_NAME)";
				SWIFT_EMIT_LOC_STRINGS = YES;
				SWIFT_OBJC_BRIDGING_HEADER = "brownfieldrn/brownfieldrn-Bridging-Header.h";
				SWIFT_OPTIMIZATION_LEVEL = "-Onone";
				SWIFT_VERSION = 5.0;
				TARGETED_DEVICE_FAMILY = "1,2";
			};
			name = Debug;
		};
		65D1B26E2970580500DC3BA0 /* Release */ = {
			isa = XCBuildConfiguration;
			baseConfigurationReference = E109402DC41E8DD5BD177AE6 /* Pods-brownfieldrn.release.xcconfig */;
			buildSettings = {
				ASSETCATALOG_COMPILER_APPICON_NAME = AppIcon;
				ASSETCATALOG_COMPILER_GLOBAL_ACCENT_COLOR_NAME = AccentColor;
				CLANG_ENABLE_MODULES = YES;
				CODE_SIGN_STYLE = Automatic;
				CURRENT_PROJECT_VERSION = 1;
				DEFINES_MODULE = YES;
				GENERATE_INFOPLIST_FILE = YES;
				INFOPLIST_FILE = brownfieldrn/Info.plist;
				INFOPLIST_KEY_UIApplicationSupportsIndirectInputEvents = YES;
				INFOPLIST_KEY_UILaunchStoryboardName = LaunchScreen;
				INFOPLIST_KEY_UIMainStoryboardFile = Main;
				INFOPLIST_KEY_UISupportedInterfaceOrientations_iPad = "UIInterfaceOrientationPortrait UIInterfaceOrientationPortraitUpsideDown UIInterfaceOrientationLandscapeLeft UIInterfaceOrientationLandscapeRight";
				INFOPLIST_KEY_UISupportedInterfaceOrientations_iPhone = "UIInterfaceOrientationPortrait UIInterfaceOrientationLandscapeLeft UIInterfaceOrientationLandscapeRight";
				LD_RUNPATH_SEARCH_PATHS = (
					"$(inherited)",
					"@executable_path/Frameworks",
				);
				MARKETING_VERSION = 1.0;
				PRODUCT_BUNDLE_IDENTIFIER = com.frankcalise.brownfieldrn;
				PRODUCT_NAME = "$(TARGET_NAME)";
				SWIFT_EMIT_LOC_STRINGS = YES;
				SWIFT_OBJC_BRIDGING_HEADER = "brownfieldrn/brownfieldrn-Bridging-Header.h";
				SWIFT_VERSION = 5.0;
				TARGETED_DEVICE_FAMILY = "1,2";
			};
			name = Release;
		};
/* End XCBuildConfiguration section */

/* Begin XCConfigurationList section */
		65D1B24E2970580500DC3BA0 /* Build configuration list for PBXProject "brownfieldrn" */ = {
			isa = XCConfigurationList;
			buildConfigurations = (
				65D1B26A2970580500DC3BA0 /* Debug */,
				65D1B26B2970580500DC3BA0 /* Release */,
			);
			defaultConfigurationIsVisible = 0;
			defaultConfigurationName = Release;
		};
		65D1B26C2970580500DC3BA0 /* Build configuration list for PBXNativeTarget "brownfieldrn" */ = {
			isa = XCConfigurationList;
			buildConfigurations = (
				65D1B26D2970580500DC3BA0 /* Debug */,
				65D1B26E2970580500DC3BA0 /* Release */,
			);
			defaultConfigurationIsVisible = 0;
			defaultConfigurationName = Release;
		};
/* End XCConfigurationList section */
	};
	rootObject = 65D1B24B2970580500DC3BA0 /* Project object */;
}
